// prim.cpp : 定义控制台应用程序的入口点。
//

#include "stdafx.h"
#include<iostream>  
using namespace  std;
int prim(int n,int m)
{
	int edge[50][50];
	int length[50];
	int flag[50] = { 0 };
	int maxium = 101;
	for (int i = 1; i <= n; i++)
	{
		for (int j = 1; j <= n; j++)
		{
			if (i == j)
			{
				edge[i][j] = 0;
			}
			else
			{
				edge[i][j] = maxium;
			}
		}
	}
	
	for (int i = 1; i <= m; i++)
	{
		int pre, next, weight;
		cin >> pre >> next >> weight;
		edge[pre][next] = weight;
		edge[next][pre] = weight;
	}
	for (int i = 1; i <= n; i++)
	{
		length[i] = edge[1][i];
	}
	flag[1] = 1;
	int count = 1;
	int j;
	int sum = 0;
	while (count<n)
	{
		int min = maxium;
		for (int i = 1; i <= n; i++)
		{
			if (flag[i] == 0 && length[i]<min)  
			{
				min = length[i];
				j = i;
			}
		}
		flag[j] = 1;
		count++;
		sum += length[j];
		for (int i = 1; i <= n; i++)  
		{
			if (flag[i] == 0 && length[i]>edge[j][i])
			{
				length[i] = edge[j][i];
			}
		}
	}
	return sum;

}
int main()
{
	int n, m;
	cin >> n >> m;
	int sum=prim(n,m);
	cout << sum << endl;
	system("pause");
}




